
Microsoft Visual Studio Solution File, Format Version 12.00
# Visual Studio 15
VisualStudioVersion = 15.0.26730.16
MinimumVisualStudioVersion = 10.0.40219.1
Project("{FAE04EC0-301F-11D3-BF4B-00C04F79EFBC}") = "P4. Examen", "P4. Examen\P4. Examen.csproj", "{84AEE81B-9491-4863-8774-02EAC1861431}"
EndProject
Global
	GlobalSection(SolutionConfigurationPlatforms) = preSolution
		Debug|Any CPU = Debug|Any CPU
		Release|Any CPU = Release|Any CPU
	EndGlobalSection
	GlobalSection(ProjectConfigurationPlatforms) = postSolution
		{84AEE81B-9491-4863-8774-02EAC1861431}.Debug|Any CPU.ActiveCfg = Debug|Any CPU
		{84AEE81B-9491-4863-8774-02EAC1861431}.Debug|Any CPU.Build.0 = Debug|Any CPU
		{84AEE81B-9491-4863-8774-02EAC1861431}.Release|Any CPU.ActiveCfg = Release|Any CPU
		{84AEE81B-9491-4863-8774-02EAC1861431}.Release|Any CPU.Build.0 = Release|Any CPU
	EndGlobalSection
	GlobalSection(SolutionProperties) = preSolution
		HideSolutionNode = FALSE
	EndGlobalSection
	GlobalSection(ExtensibilityGlobals) = postSolution
		SolutionGuid = {FA4A3A7A-8F0C-4835-933E-89E3B6647006}
	EndGlobalSection
EndGlobal
