
Microsoft Visual Studio Solution File, Format Version 12.00
# Visual Studio 15
VisualStudioVersion = 15.0.26730.16
MinimumVisualStudioVersion = 10.0.40219.1
Project("{FAE04EC0-301F-11D3-BF4B-00C04F79EFBC}") = "P3. Examen", "P3. Examen\P3. Examen.csproj", "{D03EC7BD-54A3-4612-B637-1F2C1F04998B}"
EndProject
Global
	GlobalSection(SolutionConfigurationPlatforms) = preSolution
		Debug|Any CPU = Debug|Any CPU
		Release|Any CPU = Release|Any CPU
	EndGlobalSection
	GlobalSection(ProjectConfigurationPlatforms) = postSolution
		{D03EC7BD-54A3-4612-B637-1F2C1F04998B}.Debug|Any CPU.ActiveCfg = Debug|Any CPU
		{D03EC7BD-54A3-4612-B637-1F2C1F04998B}.Debug|Any CPU.Build.0 = Debug|Any CPU
		{D03EC7BD-54A3-4612-B637-1F2C1F04998B}.Release|Any CPU.ActiveCfg = Release|Any CPU
		{D03EC7BD-54A3-4612-B637-1F2C1F04998B}.Release|Any CPU.Build.0 = Release|Any CPU
	EndGlobalSection
	GlobalSection(SolutionProperties) = preSolution
		HideSolutionNode = FALSE
	EndGlobalSection
	GlobalSection(ExtensibilityGlobals) = postSolution
		SolutionGuid = {8BA24416-2AF3-48B6-87F2-43CB5B9AA872}
	EndGlobalSection
EndGlobal
